
Microsoft Visual Studio Solution File, Format Version 12.00
# Visual Studio 15
VisualStudioVersion = 15.0.28307.329
MinimumVisualStudioVersion = 10.0.40219.1
Project("{2150E333-8FDC-42A3-9474-1A3956D46DE8}") = "src", "src", "{C483C20B-2E6E-4991-BFBF-24AEDB17AB6F}"
EndProject
Project("{2150E333-8FDC-42A3-9474-1A3956D46DE8}") = "2 - Application", "2 - Application", "{8683BC5A-608F-44C2-B7E5-6EFF6500129E}"
EndProject
Project("{2150E333-8FDC-42A3-9474-1A3956D46DE8}") = "1 - Service", "1 - Service", "{46A5A088-62D6-48F3-B0C1-7A2523CC4C83}"
EndProject
Project("{2150E333-8FDC-42A3-9474-1A3956D46DE8}") = "3 - Infra", "3 - Infra", "{DA062F1E-AB04-4838-9B62-CED4FD36D67A}"
EndProject
Project("{2150E333-8FDC-42A3-9474-1A3956D46DE8}") = "4 - Tests", "4 - Tests", "{9C7AAF78-1F6C-41EF-AAB1-24568F19C7DC}"
EndProject
Project("{2150E333-8FDC-42A3-9474-1A3956D46DE8}") = "Data", "Data", "{3D66EF7B-3F63-404E-BBAE-FFC59AA1B71B}"
EndProject
Project("{FAE04EC0-301F-11D3-BF4B-00C04F79EFBC}") = "SampleStoreCQRS.Domain", "SampleStoreCQRS.Domain\SampleStoreCQRS.Domain.csproj", "{65927DB1-BD27-436C-AA2F-D8E36FFD3147}"
EndProject
Project("{FAE04EC0-301F-11D3-BF4B-00C04F79EFBC}") = "SampleStoreCQRS.Domain.Core", "SampleStoreCQRS.Domain.Core\SampleStoreCQRS.Domain.Core.csproj", "{FB4726E0-F099-4B48-8076-9739C6F346DC}"
EndProject
Project("{FAE04EC0-301F-11D3-BF4B-00C04F79EFBC}") = "SampleStoreCQRS.Tests", "SampleStoreCQRS.Tests\SampleStoreCQRS.Tests.csproj", "{DFBE9F2C-F5F4-4DFE-AF3A-3DEC58B3B010}"
EndProject
Global
	GlobalSection(SolutionConfigurationPlatforms) = preSolution
		Debug|Any CPU = Debug|Any CPU
		Release|Any CPU = Release|Any CPU
	EndGlobalSection
	GlobalSection(ProjectConfigurationPlatforms) = postSolution
		{65927DB1-BD27-436C-AA2F-D8E36FFD3147}.Debug|Any CPU.ActiveCfg = Debug|Any CPU
		{65927DB1-BD27-436C-AA2F-D8E36FFD3147}.Debug|Any CPU.Build.0 = Debug|Any CPU
		{65927DB1-BD27-436C-AA2F-D8E36FFD3147}.Release|Any CPU.ActiveCfg = Release|Any CPU
		{65927DB1-BD27-436C-AA2F-D8E36FFD3147}.Release|Any CPU.Build.0 = Release|Any CPU
		{FB4726E0-F099-4B48-8076-9739C6F346DC}.Debug|Any CPU.ActiveCfg = Debug|Any CPU
		{FB4726E0-F099-4B48-8076-9739C6F346DC}.Debug|Any CPU.Build.0 = Debug|Any CPU
		{FB4726E0-F099-4B48-8076-9739C6F346DC}.Release|Any CPU.ActiveCfg = Release|Any CPU
		{FB4726E0-F099-4B48-8076-9739C6F346DC}.Release|Any CPU.Build.0 = Release|Any CPU
		{DFBE9F2C-F5F4-4DFE-AF3A-3DEC58B3B010}.Debug|Any CPU.ActiveCfg = Debug|Any CPU
		{DFBE9F2C-F5F4-4DFE-AF3A-3DEC58B3B010}.Debug|Any CPU.Build.0 = Debug|Any CPU
		{DFBE9F2C-F5F4-4DFE-AF3A-3DEC58B3B010}.Release|Any CPU.ActiveCfg = Release|Any CPU
		{DFBE9F2C-F5F4-4DFE-AF3A-3DEC58B3B010}.Release|Any CPU.Build.0 = Release|Any CPU
	EndGlobalSection
	GlobalSection(SolutionProperties) = preSolution
		HideSolutionNode = FALSE
	EndGlobalSection
	GlobalSection(NestedProjects) = preSolution
		{8683BC5A-608F-44C2-B7E5-6EFF6500129E} = {C483C20B-2E6E-4991-BFBF-24AEDB17AB6F}
		{46A5A088-62D6-48F3-B0C1-7A2523CC4C83} = {C483C20B-2E6E-4991-BFBF-24AEDB17AB6F}
		{DA062F1E-AB04-4838-9B62-CED4FD36D67A} = {C483C20B-2E6E-4991-BFBF-24AEDB17AB6F}
		{9C7AAF78-1F6C-41EF-AAB1-24568F19C7DC} = {C483C20B-2E6E-4991-BFBF-24AEDB17AB6F}
		{3D66EF7B-3F63-404E-BBAE-FFC59AA1B71B} = {DA062F1E-AB04-4838-9B62-CED4FD36D67A}
		{65927DB1-BD27-436C-AA2F-D8E36FFD3147} = {8683BC5A-608F-44C2-B7E5-6EFF6500129E}
		{FB4726E0-F099-4B48-8076-9739C6F346DC} = {8683BC5A-608F-44C2-B7E5-6EFF6500129E}
		{DFBE9F2C-F5F4-4DFE-AF3A-3DEC58B3B010} = {9C7AAF78-1F6C-41EF-AAB1-24568F19C7DC}
	EndGlobalSection
	GlobalSection(ExtensibilityGlobals) = postSolution
		SolutionGuid = {11D9E795-827C-4493-B3C1-C496BF242B58}
	EndGlobalSection
EndGlobal
